
Microsoft Visual Studio Solution File, Format Version 12.00
# Visual Studio Version 16
VisualStudioVersion = 16.0.29806.167
MinimumVisualStudioVersion = 10.0.40219.1
Project("{2150E333-8FDC-42A3-9474-1A3956D46DE8}") = "Tutorials 4-5", "Tutorials 4-5", "{8EB030EF-3039-4564-9714-7D1D84E06C7C}"
EndProject
Project("{2150E333-8FDC-42A3-9474-1A3956D46DE8}") = "Tutorials 6-9", "Tutorials 6-9", "{4001073B-1A87-4120-BAD4-BBBEF1F3008C}"
EndProject
Project("{2150E333-8FDC-42A3-9474-1A3956D46DE8}") = "Tutorials 1-3", "Tutorials 1-3", "{E24227EB-4F92-44FD-97CF-703096E9C91F}"
EndProject
Project("{FAE04EC0-301F-11D3-BF4B-00C04F79EFBC}") = "Bis-GUI", "Tutorials 1-3\Bis-GUI\Bis-GUI.csproj", "{EC4D7C2D-06DD-4BF7-92AF-1A72B276470A}"
EndProject
Project("{FAE04EC0-301F-11D3-BF4B-00C04F79EFBC}") = "Remoting Server", "Tutorials 1-3\Remoting Server\Remoting Server.csproj", "{ACFDC249-8F81-4ED1-A58C-F366E6737F7D}"
EndProject
Project("{FAE04EC0-301F-11D3-BF4B-00C04F79EFBC}") = "Tutorial 1", "Tutorials 1-3\Tutorial 1\Tutorial 1.csproj", "{3D0B0467-B12F-4BF7-9D20-3E90C1CFADAA}"
EndProject
Project("{FAE04EC0-301F-11D3-BF4B-00C04F79EFBC}") = "Tutorial 2", "Tutorials 1-3\Tutorial 2\Tutorial 2.csproj", "{1DF552D0-0D6D-481F-AF29-757920D7CEAB}"
EndProject
Project("{FAE04EC0-301F-11D3-BF4B-00C04F79EFBC}") = "Tutorial 3 Web Service", "Tutorials 1-3\Tutorial 3 Web Service\Tutorial 3 Web Service.csproj", "{07CEEC24-8265-4F0E-99BB-B22510F9339F}"
EndProject
Project("{FAE04EC0-301F-11D3-BF4B-00C04F79EFBC}") = "Tutorial 4 Data Tier", "Tutorials 4-5\Tutorial 4 Data Tier\Tutorial 4 Data Tier.csproj", "{F416EA72-B731-46CB-A9CD-72E14368A509}"
EndProject
Project("{FAE04EC0-301F-11D3-BF4B-00C04F79EFBC}") = "Tutorial 4 Hybrid Tier", "Tutorials 4-5\Tutorial 4 Hybrid Tier\Tutorial 4 Hybrid Tier.csproj", "{0320A3DF-CD5B-4D58-B0A7-42F6A6C091F9}"
EndProject
Project("{2150E333-8FDC-42A3-9474-1A3956D46DE8}") = "Tutorial 5 Files", "Tutorial 5 Files", "{8D8BD655-C3EE-4D30-A358-93210306672D}"
	ProjectSection(SolutionItems) = preProject
		Tutorials 4-5\Tutorial 5 Files\getTheStuff.html = Tutorials 4-5\Tutorial 5 Files\getTheStuff.html
		Tutorials 4-5\Tutorial 5 Files\TestPage.html = Tutorials 4-5\Tutorial 5 Files\TestPage.html
		Tutorials 4-5\Tutorial 5 Files\XSS.html = Tutorials 4-5\Tutorial 5 Files\XSS.html
	EndProjectSection
EndProject
Project("{FAE04EC0-301F-11D3-BF4B-00C04F79EFBC}") = "WPFApp", "Tutorials 1-3\WPFApp\WPFApp.csproj", "{7DE5E92F-4713-4C04-83EC-EFD128890F8D}"
EndProject
Project("{2150E333-8FDC-42A3-9474-1A3956D46DE8}") = "Tutorial 6", "Tutorial 6", "{E44F74F3-F40C-4520-93A2-A2098181DBF7}"
EndProject
Project("{2150E333-8FDC-42A3-9474-1A3956D46DE8}") = "Tutorial 7-8", "Tutorial 7-8", "{A96579AD-60B3-4FD8-A240-A4B78AED8A82}"
EndProject
Project("{FAE04EC0-301F-11D3-BF4B-00C04F79EFBC}") = "Tutorial 6 Web Server", "Tutorials 6-9\Tutorial 6\Tutorial 6 Web Server\Tutorial 6 Web Server.csproj", "{051DF998-DCD6-4FC2-BD0D-BC673DAD6A1A}"
EndProject
Project("{FAE04EC0-301F-11D3-BF4B-00C04F79EFBC}") = "Tutorial 6 Client Application", "Tutorials 6-9\Tutorial 6\Tutorial 6 Client Application\Tutorial 6 Client Application.csproj", "{A2C26098-CB13-4722-B140-D62A4A650E56}"
EndProject
Project("{FAE04EC0-301F-11D3-BF4B-00C04F79EFBC}") = "ClientLibrary", "Tutorials 6-9\Tutorial 6\ClientLibrary\ClientLibrary.csproj", "{7E383B22-5BC2-4BE3-A0B1-2AA29D0799E0}"
EndProject
Project("{FAE04EC0-301F-11D3-BF4B-00C04F79EFBC}") = "JobLibrary", "Tutorials 6-9\Tutorial 6\JobLibrary\JobLibrary.csproj", "{2810E576-F739-42EE-BAFD-28374EF9A2DC}"
EndProject
Project("{FAE04EC0-301F-11D3-BF4B-00C04F79EFBC}") = "Blockchain Library", "Tutorials 6-9\Tutorial 7-8\Blockchain Library\Blockchain Library.csproj", "{9F8E68C6-7AC3-4B29-9B10-6D7254A7A3F5}"
EndProject
Project("{FAE04EC0-301F-11D3-BF4B-00C04F79EFBC}") = "Tutorial 7 Transaction Generator", "Tutorial 7 Transaction Generator\Tutorial 7 Transaction Generator.csproj", "{FA8B97CA-0F7A-4439-81B7-7EA064A07758}"
EndProject
Global
	GlobalSection(SolutionConfigurationPlatforms) = preSolution
		Debug|Any CPU = Debug|Any CPU
		Release|Any CPU = Release|Any CPU
	EndGlobalSection
	GlobalSection(ProjectConfigurationPlatforms) = postSolution
		{EC4D7C2D-06DD-4BF7-92AF-1A72B276470A}.Debug|Any CPU.ActiveCfg = Debug|Any CPU
		{EC4D7C2D-06DD-4BF7-92AF-1A72B276470A}.Debug|Any CPU.Build.0 = Debug|Any CPU
		{EC4D7C2D-06DD-4BF7-92AF-1A72B276470A}.Release|Any CPU.ActiveCfg = Release|Any CPU
		{EC4D7C2D-06DD-4BF7-92AF-1A72B276470A}.Release|Any CPU.Build.0 = Release|Any CPU
		{ACFDC249-8F81-4ED1-A58C-F366E6737F7D}.Debug|Any CPU.ActiveCfg = Debug|Any CPU
		{ACFDC249-8F81-4ED1-A58C-F366E6737F7D}.Debug|Any CPU.Build.0 = Debug|Any CPU
		{ACFDC249-8F81-4ED1-A58C-F366E6737F7D}.Release|Any CPU.ActiveCfg = Release|Any CPU
		{ACFDC249-8F81-4ED1-A58C-F366E6737F7D}.Release|Any CPU.Build.0 = Release|Any CPU
		{3D0B0467-B12F-4BF7-9D20-3E90C1CFADAA}.Debug|Any CPU.ActiveCfg = Debug|Any CPU
		{3D0B0467-B12F-4BF7-9D20-3E90C1CFADAA}.Debug|Any CPU.Build.0 = Debug|Any CPU
		{3D0B0467-B12F-4BF7-9D20-3E90C1CFADAA}.Release|Any CPU.ActiveCfg = Release|Any CPU
		{3D0B0467-B12F-4BF7-9D20-3E90C1CFADAA}.Release|Any CPU.Build.0 = Release|Any CPU
		{1DF552D0-0D6D-481F-AF29-757920D7CEAB}.Debug|Any CPU.ActiveCfg = Debug|Any CPU
		{1DF552D0-0D6D-481F-AF29-757920D7CEAB}.Debug|Any CPU.Build.0 = Debug|Any CPU
		{1DF552D0-0D6D-481F-AF29-757920D7CEAB}.Release|Any CPU.ActiveCfg = Release|Any CPU
		{1DF552D0-0D6D-481F-AF29-757920D7CEAB}.Release|Any CPU.Build.0 = Release|Any CPU
		{07CEEC24-8265-4F0E-99BB-B22510F9339F}.Debug|Any CPU.ActiveCfg = Debug|Any CPU
		{07CEEC24-8265-4F0E-99BB-B22510F9339F}.Debug|Any CPU.Build.0 = Debug|Any CPU
		{07CEEC24-8265-4F0E-99BB-B22510F9339F}.Release|Any CPU.ActiveCfg = Release|Any CPU
		{07CEEC24-8265-4F0E-99BB-B22510F9339F}.Release|Any CPU.Build.0 = Release|Any CPU
		{F416EA72-B731-46CB-A9CD-72E14368A509}.Debug|Any CPU.ActiveCfg = Debug|Any CPU
		{F416EA72-B731-46CB-A9CD-72E14368A509}.Debug|Any CPU.Build.0 = Debug|Any CPU
		{F416EA72-B731-46CB-A9CD-72E14368A509}.Release|Any CPU.ActiveCfg = Release|Any CPU
		{F416EA72-B731-46CB-A9CD-72E14368A509}.Release|Any CPU.Build.0 = Release|Any CPU
		{0320A3DF-CD5B-4D58-B0A7-42F6A6C091F9}.Debug|Any CPU.ActiveCfg = Debug|Any CPU
		{0320A3DF-CD5B-4D58-B0A7-42F6A6C091F9}.Debug|Any CPU.Build.0 = Debug|Any CPU
		{0320A3DF-CD5B-4D58-B0A7-42F6A6C091F9}.Release|Any CPU.ActiveCfg = Release|Any CPU
		{0320A3DF-CD5B-4D58-B0A7-42F6A6C091F9}.Release|Any CPU.Build.0 = Release|Any CPU
		{7DE5E92F-4713-4C04-83EC-EFD128890F8D}.Debug|Any CPU.ActiveCfg = Debug|Any CPU
		{7DE5E92F-4713-4C04-83EC-EFD128890F8D}.Debug|Any CPU.Build.0 = Debug|Any CPU
		{7DE5E92F-4713-4C04-83EC-EFD128890F8D}.Release|Any CPU.ActiveCfg = Release|Any CPU
		{7DE5E92F-4713-4C04-83EC-EFD128890F8D}.Release|Any CPU.Build.0 = Release|Any CPU
		{051DF998-DCD6-4FC2-BD0D-BC673DAD6A1A}.Debug|Any CPU.ActiveCfg = Debug|Any CPU
		{051DF998-DCD6-4FC2-BD0D-BC673DAD6A1A}.Debug|Any CPU.Build.0 = Debug|Any CPU
		{051DF998-DCD6-4FC2-BD0D-BC673DAD6A1A}.Release|Any CPU.ActiveCfg = Release|Any CPU
		{051DF998-DCD6-4FC2-BD0D-BC673DAD6A1A}.Release|Any CPU.Build.0 = Release|Any CPU
		{A2C26098-CB13-4722-B140-D62A4A650E56}.Debug|Any CPU.ActiveCfg = Debug|Any CPU
		{A2C26098-CB13-4722-B140-D62A4A650E56}.Debug|Any CPU.Build.0 = Debug|Any CPU
		{A2C26098-CB13-4722-B140-D62A4A650E56}.Release|Any CPU.ActiveCfg = Release|Any CPU
		{A2C26098-CB13-4722-B140-D62A4A650E56}.Release|Any CPU.Build.0 = Release|Any CPU
		{7E383B22-5BC2-4BE3-A0B1-2AA29D0799E0}.Debug|Any CPU.ActiveCfg = Debug|Any CPU
		{7E383B22-5BC2-4BE3-A0B1-2AA29D0799E0}.Debug|Any CPU.Build.0 = Debug|Any CPU
		{7E383B22-5BC2-4BE3-A0B1-2AA29D0799E0}.Release|Any CPU.ActiveCfg = Release|Any CPU
		{7E383B22-5BC2-4BE3-A0B1-2AA29D0799E0}.Release|Any CPU.Build.0 = Release|Any CPU
		{2810E576-F739-42EE-BAFD-28374EF9A2DC}.Debug|Any CPU.ActiveCfg = Debug|Any CPU
		{2810E576-F739-42EE-BAFD-28374EF9A2DC}.Debug|Any CPU.Build.0 = Debug|Any CPU
		{2810E576-F739-42EE-BAFD-28374EF9A2DC}.Release|Any CPU.ActiveCfg = Release|Any CPU
		{2810E576-F739-42EE-BAFD-28374EF9A2DC}.Release|Any CPU.Build.0 = Release|Any CPU
		{9F8E68C6-7AC3-4B29-9B10-6D7254A7A3F5}.Debug|Any CPU.ActiveCfg = Debug|Any CPU
		{9F8E68C6-7AC3-4B29-9B10-6D7254A7A3F5}.Debug|Any CPU.Build.0 = Debug|Any CPU
		{9F8E68C6-7AC3-4B29-9B10-6D7254A7A3F5}.Release|Any CPU.ActiveCfg = Release|Any CPU
		{9F8E68C6-7AC3-4B29-9B10-6D7254A7A3F5}.Release|Any CPU.Build.0 = Release|Any CPU
		{FA8B97CA-0F7A-4439-81B7-7EA064A07758}.Debug|Any CPU.ActiveCfg = Debug|Any CPU
		{FA8B97CA-0F7A-4439-81B7-7EA064A07758}.Debug|Any CPU.Build.0 = Debug|Any CPU
		{FA8B97CA-0F7A-4439-81B7-7EA064A07758}.Release|Any CPU.ActiveCfg = Release|Any CPU
		{FA8B97CA-0F7A-4439-81B7-7EA064A07758}.Release|Any CPU.Build.0 = Release|Any CPU
	EndGlobalSection
	GlobalSection(SolutionProperties) = preSolution
		HideSolutionNode = FALSE
	EndGlobalSection
	GlobalSection(NestedProjects) = preSolution
		{EC4D7C2D-06DD-4BF7-92AF-1A72B276470A} = {E24227EB-4F92-44FD-97CF-703096E9C91F}
		{ACFDC249-8F81-4ED1-A58C-F366E6737F7D} = {E24227EB-4F92-44FD-97CF-703096E9C91F}
		{3D0B0467-B12F-4BF7-9D20-3E90C1CFADAA} = {E24227EB-4F92-44FD-97CF-703096E9C91F}
		{1DF552D0-0D6D-481F-AF29-757920D7CEAB} = {E24227EB-4F92-44FD-97CF-703096E9C91F}
		{07CEEC24-8265-4F0E-99BB-B22510F9339F} = {E24227EB-4F92-44FD-97CF-703096E9C91F}
		{F416EA72-B731-46CB-A9CD-72E14368A509} = {8EB030EF-3039-4564-9714-7D1D84E06C7C}
		{0320A3DF-CD5B-4D58-B0A7-42F6A6C091F9} = {8EB030EF-3039-4564-9714-7D1D84E06C7C}
		{8D8BD655-C3EE-4D30-A358-93210306672D} = {8EB030EF-3039-4564-9714-7D1D84E06C7C}
		{7DE5E92F-4713-4C04-83EC-EFD128890F8D} = {E24227EB-4F92-44FD-97CF-703096E9C91F}
		{E44F74F3-F40C-4520-93A2-A2098181DBF7} = {4001073B-1A87-4120-BAD4-BBBEF1F3008C}
		{A96579AD-60B3-4FD8-A240-A4B78AED8A82} = {4001073B-1A87-4120-BAD4-BBBEF1F3008C}
		{051DF998-DCD6-4FC2-BD0D-BC673DAD6A1A} = {E44F74F3-F40C-4520-93A2-A2098181DBF7}
		{A2C26098-CB13-4722-B140-D62A4A650E56} = {E44F74F3-F40C-4520-93A2-A2098181DBF7}
		{7E383B22-5BC2-4BE3-A0B1-2AA29D0799E0} = {E44F74F3-F40C-4520-93A2-A2098181DBF7}
		{2810E576-F739-42EE-BAFD-28374EF9A2DC} = {E44F74F3-F40C-4520-93A2-A2098181DBF7}
		{9F8E68C6-7AC3-4B29-9B10-6D7254A7A3F5} = {A96579AD-60B3-4FD8-A240-A4B78AED8A82}
		{FA8B97CA-0F7A-4439-81B7-7EA064A07758} = {A96579AD-60B3-4FD8-A240-A4B78AED8A82}
	EndGlobalSection
	GlobalSection(ExtensibilityGlobals) = postSolution
		SolutionGuid = {8812666C-8BF6-445D-B09D-9F3BE3A668CB}
	EndGlobalSection
EndGlobal
