
Microsoft Visual Studio Solution File, Format Version 12.00
# Visual Studio Version 16
VisualStudioVersion = 16.0.29806.167
MinimumVisualStudioVersion = 10.0.40219.1
Project("{FAE04EC0-301F-11D3-BF4B-00C04F79EFBC}") = "Tutorial 1", "Tutorial 1\Tutorial 1.csproj", "{3D0B0467-B12F-4BF7-9D20-3E90C1CFADAA}"
EndProject
Project("{FAE04EC0-301F-11D3-BF4B-00C04F79EFBC}") = "Remoting Server", "Remoting Server\Remoting Server.csproj", "{ACFDC249-8F81-4ED1-A58C-F366E6737F7D}"
EndProject
Project("{FAE04EC0-301F-11D3-BF4B-00C04F79EFBC}") = "WPFApp", "WPFApp\WPFApp.csproj", "{7DE5E92F-4713-4C04-83EC-EFD128890F8D}"
EndProject
Project("{FAE04EC0-301F-11D3-BF4B-00C04F79EFBC}") = "Tutorial 2", "Tutorial 2\Tutorial 2.csproj", "{1DF552D0-0D6D-481F-AF29-757920D7CEAB}"
EndProject
Project("{FAE04EC0-301F-11D3-BF4B-00C04F79EFBC}") = "Bis-GUI", "Bis-GUI\Bis-GUI.csproj", "{EC4D7C2D-06DD-4BF7-92AF-1A72B276470A}"
EndProject
Project("{FAE04EC0-301F-11D3-BF4B-00C04F79EFBC}") = "Tutorial 4 Data Tier", "Tutorial 4 Data Tier\Tutorial 4 Data Tier.csproj", "{F416EA72-B731-46CB-A9CD-72E14368A509}"
EndProject
Project("{FAE04EC0-301F-11D3-BF4B-00C04F79EFBC}") = "Tutorial 3 Web Service", "Tutorial 3 Web Service\Tutorial 3 Web Service.csproj", "{07CEEC24-8265-4F0E-99BB-B22510F9339F}"
EndProject
Project("{FAE04EC0-301F-11D3-BF4B-00C04F79EFBC}") = "Tutorial 4 Hybrid Tier", "Tutorial 4 Hybrid Tier\Tutorial 4 Hybrid Tier.csproj", "{0320A3DF-CD5B-4D58-B0A7-42F6A6C091F9}"
EndProject
Project("{2150E333-8FDC-42A3-9474-1A3956D46DE8}") = "Tutorial 4-5", "Tutorial 4-5", "{EEA98C2A-BC3D-4A2F-9BC4-FF8565B1B5FD}"
	ProjectSection(SolutionItems) = preProject
		Tutorial 5 Files\getTheStuff.html = Tutorial 5 Files\getTheStuff.html
		Tutorial 5 Files\TestPage.html = Tutorial 5 Files\TestPage.html
		Tutorial 5 Files\XSS.html = Tutorial 5 Files\XSS.html
	EndProjectSection
EndProject
Project("{FAE04EC0-301F-11D3-BF4B-00C04F79EFBC}") = "IDataServerInterface", "Remoting Server\IDataServerInterface\IDataServerInterface.csproj", "{EB2A991B-62A5-4AD8-B4FC-555FDD6A777E}"
EndProject
Project("{FAE04EC0-301F-11D3-BF4B-00C04F79EFBC}") = "Tutorial 6 Web Server", "Tutorial 6 Web Server\Tutorial 6 Web Server.csproj", "{051DF998-DCD6-4FC2-BD0D-BC673DAD6A1A}"
EndProject
Project("{FAE04EC0-301F-11D3-BF4B-00C04F79EFBC}") = "Tutorial 6 Client Application", "Tutorial 6 Client Application\Tutorial 6 Client Application.csproj", "{A2C26098-CB13-4722-B140-D62A4A650E56}"
EndProject
Project("{2150E333-8FDC-42A3-9474-1A3956D46DE8}") = "Tutorial 1-3", "Tutorial 1-3", "{17872117-6D43-4B70-9C2A-04685A8B3558}"
EndProject
Project("{2150E333-8FDC-42A3-9474-1A3956D46DE8}") = "Tutorial 6-9", "Tutorial 6-9", "{66A05842-FF4B-40DB-B565-CE48FAC3EBC2}"
EndProject
Global
	GlobalSection(SolutionConfigurationPlatforms) = preSolution
		Debug|Any CPU = Debug|Any CPU
		Release|Any CPU = Release|Any CPU
	EndGlobalSection
	GlobalSection(ProjectConfigurationPlatforms) = postSolution
		{3D0B0467-B12F-4BF7-9D20-3E90C1CFADAA}.Debug|Any CPU.ActiveCfg = Debug|Any CPU
		{3D0B0467-B12F-4BF7-9D20-3E90C1CFADAA}.Debug|Any CPU.Build.0 = Debug|Any CPU
		{3D0B0467-B12F-4BF7-9D20-3E90C1CFADAA}.Release|Any CPU.ActiveCfg = Release|Any CPU
		{3D0B0467-B12F-4BF7-9D20-3E90C1CFADAA}.Release|Any CPU.Build.0 = Release|Any CPU
		{ACFDC249-8F81-4ED1-A58C-F366E6737F7D}.Debug|Any CPU.ActiveCfg = Debug|Any CPU
		{ACFDC249-8F81-4ED1-A58C-F366E6737F7D}.Debug|Any CPU.Build.0 = Debug|Any CPU
		{ACFDC249-8F81-4ED1-A58C-F366E6737F7D}.Release|Any CPU.ActiveCfg = Release|Any CPU
		{ACFDC249-8F81-4ED1-A58C-F366E6737F7D}.Release|Any CPU.Build.0 = Release|Any CPU
		{7DE5E92F-4713-4C04-83EC-EFD128890F8D}.Debug|Any CPU.ActiveCfg = Debug|Any CPU
		{7DE5E92F-4713-4C04-83EC-EFD128890F8D}.Debug|Any CPU.Build.0 = Debug|Any CPU
		{7DE5E92F-4713-4C04-83EC-EFD128890F8D}.Release|Any CPU.ActiveCfg = Release|Any CPU
		{7DE5E92F-4713-4C04-83EC-EFD128890F8D}.Release|Any CPU.Build.0 = Release|Any CPU
		{1DF552D0-0D6D-481F-AF29-757920D7CEAB}.Debug|Any CPU.ActiveCfg = Debug|Any CPU
		{1DF552D0-0D6D-481F-AF29-757920D7CEAB}.Debug|Any CPU.Build.0 = Debug|Any CPU
		{1DF552D0-0D6D-481F-AF29-757920D7CEAB}.Release|Any CPU.ActiveCfg = Release|Any CPU
		{1DF552D0-0D6D-481F-AF29-757920D7CEAB}.Release|Any CPU.Build.0 = Release|Any CPU
		{EC4D7C2D-06DD-4BF7-92AF-1A72B276470A}.Debug|Any CPU.ActiveCfg = Debug|Any CPU
		{EC4D7C2D-06DD-4BF7-92AF-1A72B276470A}.Debug|Any CPU.Build.0 = Debug|Any CPU
		{EC4D7C2D-06DD-4BF7-92AF-1A72B276470A}.Release|Any CPU.ActiveCfg = Release|Any CPU
		{EC4D7C2D-06DD-4BF7-92AF-1A72B276470A}.Release|Any CPU.Build.0 = Release|Any CPU
		{F416EA72-B731-46CB-A9CD-72E14368A509}.Debug|Any CPU.ActiveCfg = Debug|Any CPU
		{F416EA72-B731-46CB-A9CD-72E14368A509}.Debug|Any CPU.Build.0 = Debug|Any CPU
		{F416EA72-B731-46CB-A9CD-72E14368A509}.Release|Any CPU.ActiveCfg = Release|Any CPU
		{F416EA72-B731-46CB-A9CD-72E14368A509}.Release|Any CPU.Build.0 = Release|Any CPU
		{07CEEC24-8265-4F0E-99BB-B22510F9339F}.Debug|Any CPU.ActiveCfg = Debug|Any CPU
		{07CEEC24-8265-4F0E-99BB-B22510F9339F}.Debug|Any CPU.Build.0 = Debug|Any CPU
		{07CEEC24-8265-4F0E-99BB-B22510F9339F}.Release|Any CPU.ActiveCfg = Release|Any CPU
		{07CEEC24-8265-4F0E-99BB-B22510F9339F}.Release|Any CPU.Build.0 = Release|Any CPU
		{0320A3DF-CD5B-4D58-B0A7-42F6A6C091F9}.Debug|Any CPU.ActiveCfg = Debug|Any CPU
		{0320A3DF-CD5B-4D58-B0A7-42F6A6C091F9}.Debug|Any CPU.Build.0 = Debug|Any CPU
		{0320A3DF-CD5B-4D58-B0A7-42F6A6C091F9}.Release|Any CPU.ActiveCfg = Release|Any CPU
		{0320A3DF-CD5B-4D58-B0A7-42F6A6C091F9}.Release|Any CPU.Build.0 = Release|Any CPU
		{EB2A991B-62A5-4AD8-B4FC-555FDD6A777E}.Debug|Any CPU.ActiveCfg = Debug|Any CPU
		{EB2A991B-62A5-4AD8-B4FC-555FDD6A777E}.Debug|Any CPU.Build.0 = Debug|Any CPU
		{EB2A991B-62A5-4AD8-B4FC-555FDD6A777E}.Release|Any CPU.ActiveCfg = Release|Any CPU
		{EB2A991B-62A5-4AD8-B4FC-555FDD6A777E}.Release|Any CPU.Build.0 = Release|Any CPU
		{051DF998-DCD6-4FC2-BD0D-BC673DAD6A1A}.Debug|Any CPU.ActiveCfg = Debug|Any CPU
		{051DF998-DCD6-4FC2-BD0D-BC673DAD6A1A}.Debug|Any CPU.Build.0 = Debug|Any CPU
		{051DF998-DCD6-4FC2-BD0D-BC673DAD6A1A}.Release|Any CPU.ActiveCfg = Release|Any CPU
		{051DF998-DCD6-4FC2-BD0D-BC673DAD6A1A}.Release|Any CPU.Build.0 = Release|Any CPU
		{A2C26098-CB13-4722-B140-D62A4A650E56}.Debug|Any CPU.ActiveCfg = Debug|Any CPU
		{A2C26098-CB13-4722-B140-D62A4A650E56}.Debug|Any CPU.Build.0 = Debug|Any CPU
		{A2C26098-CB13-4722-B140-D62A4A650E56}.Release|Any CPU.ActiveCfg = Release|Any CPU
		{A2C26098-CB13-4722-B140-D62A4A650E56}.Release|Any CPU.Build.0 = Release|Any CPU
	EndGlobalSection
	GlobalSection(SolutionProperties) = preSolution
		HideSolutionNode = FALSE
	EndGlobalSection
	GlobalSection(NestedProjects) = preSolution
		{3D0B0467-B12F-4BF7-9D20-3E90C1CFADAA} = {17872117-6D43-4B70-9C2A-04685A8B3558}
		{ACFDC249-8F81-4ED1-A58C-F366E6737F7D} = {17872117-6D43-4B70-9C2A-04685A8B3558}
		{7DE5E92F-4713-4C04-83EC-EFD128890F8D} = {17872117-6D43-4B70-9C2A-04685A8B3558}
		{1DF552D0-0D6D-481F-AF29-757920D7CEAB} = {17872117-6D43-4B70-9C2A-04685A8B3558}
		{EC4D7C2D-06DD-4BF7-92AF-1A72B276470A} = {17872117-6D43-4B70-9C2A-04685A8B3558}
		{F416EA72-B731-46CB-A9CD-72E14368A509} = {EEA98C2A-BC3D-4A2F-9BC4-FF8565B1B5FD}
		{07CEEC24-8265-4F0E-99BB-B22510F9339F} = {17872117-6D43-4B70-9C2A-04685A8B3558}
		{0320A3DF-CD5B-4D58-B0A7-42F6A6C091F9} = {EEA98C2A-BC3D-4A2F-9BC4-FF8565B1B5FD}
		{EB2A991B-62A5-4AD8-B4FC-555FDD6A777E} = {17872117-6D43-4B70-9C2A-04685A8B3558}
		{051DF998-DCD6-4FC2-BD0D-BC673DAD6A1A} = {66A05842-FF4B-40DB-B565-CE48FAC3EBC2}
		{A2C26098-CB13-4722-B140-D62A4A650E56} = {66A05842-FF4B-40DB-B565-CE48FAC3EBC2}
	EndGlobalSection
	GlobalSection(ExtensibilityGlobals) = postSolution
		SolutionGuid = {8812666C-8BF6-445D-B09D-9F3BE3A668CB}
	EndGlobalSection
EndGlobal
